
Microsoft Visual Studio Solution File, Format Version 12.00
# Visual Studio Version 17
VisualStudioVersion = 17.14.36414.22 d17.14
MinimumVisualStudioVersion = 10.0.40219.1
Project("{D2ABAB84-BF74-430A-B69E-9DC6D40DDA17}") = "SSAS_HR", "SSAS_HR\SSAS_HR.dwproj", "{212A610E-9930-1ECE-BF8C-EECACE3A4A20}"
EndProject
Global
	GlobalSection(SolutionConfigurationPlatforms) = preSolution
		Development|Default = Development|Default
	EndGlobalSection
	GlobalSection(ProjectConfigurationPlatforms) = postSolution
		{212A610E-9930-1ECE-BF8C-EECACE3A4A20}.Development|Default.ActiveCfg = Development
		{212A610E-9930-1ECE-BF8C-EECACE3A4A20}.Development|Default.Build.0 = Development
		{212A610E-9930-1ECE-BF8C-EECACE3A4A20}.Development|Default.Deploy.0 = Development
	EndGlobalSection
	GlobalSection(SolutionProperties) = preSolution
		HideSolutionNode = FALSE
	EndGlobalSection
	GlobalSection(ExtensibilityGlobals) = postSolution
		SolutionGuid = {2066A44C-4174-44EE-8DD9-958EE45FF557}
	EndGlobalSection
EndGlobal
